
Microsoft Visual Studio Solution File, Format Version 12.00
# Visual Studio Version 17
VisualStudioVersion = 17.6.33801.468
MinimumVisualStudioVersion = 10.0.40219.1
Project("{9A19103F-16F7-4668-BE54-9A1E7A4F7556}") = "e_store", "e_store\e_store.csproj", "{2EE6C675-9817-4558-B12C-F25046AC9B07}"
EndProject
Project("{9A19103F-16F7-4668-BE54-9A1E7A4F7556}") = "e_store.DataAccess", "e_store.DataAccess\e_store.DataAccess.csproj", "{79E88645-BDE3-40CC-8B50-25D235AFCFE0}"
EndProject
Project("{9A19103F-16F7-4668-BE54-9A1E7A4F7556}") = "e_store.Models", "e_store.Models\e_store.Models.csproj", "{C3FCD627-4AFC-4532-BADE-8CAB9DC5AF23}"
EndProject
Project("{9A19103F-16F7-4668-BE54-9A1E7A4F7556}") = "e_store.Utilities", "e_store.Utilities\e_store.Utilities.csproj", "{9B575796-CD9F-4AF8-95EF-BA1233B730AB}"
EndProject
Global
	GlobalSection(SolutionConfigurationPlatforms) = preSolution
		Debug|Any CPU = Debug|Any CPU
		Release|Any CPU = Release|Any CPU
	EndGlobalSection
	GlobalSection(ProjectConfigurationPlatforms) = postSolution
		{2EE6C675-9817-4558-B12C-F25046AC9B07}.Debug|Any CPU.ActiveCfg = Debug|Any CPU
		{2EE6C675-9817-4558-B12C-F25046AC9B07}.Debug|Any CPU.Build.0 = Debug|Any CPU
		{2EE6C675-9817-4558-B12C-F25046AC9B07}.Release|Any CPU.ActiveCfg = Release|Any CPU
		{2EE6C675-9817-4558-B12C-F25046AC9B07}.Release|Any CPU.Build.0 = Release|Any CPU
		{79E88645-BDE3-40CC-8B50-25D235AFCFE0}.Debug|Any CPU.ActiveCfg = Debug|Any CPU
		{79E88645-BDE3-40CC-8B50-25D235AFCFE0}.Debug|Any CPU.Build.0 = Debug|Any CPU
		{79E88645-BDE3-40CC-8B50-25D235AFCFE0}.Release|Any CPU.ActiveCfg = Release|Any CPU
		{79E88645-BDE3-40CC-8B50-25D235AFCFE0}.Release|Any CPU.Build.0 = Release|Any CPU
		{C3FCD627-4AFC-4532-BADE-8CAB9DC5AF23}.Debug|Any CPU.ActiveCfg = Debug|Any CPU
		{C3FCD627-4AFC-4532-BADE-8CAB9DC5AF23}.Debug|Any CPU.Build.0 = Debug|Any CPU
		{C3FCD627-4AFC-4532-BADE-8CAB9DC5AF23}.Release|Any CPU.ActiveCfg = Release|Any CPU
		{C3FCD627-4AFC-4532-BADE-8CAB9DC5AF23}.Release|Any CPU.Build.0 = Release|Any CPU
		{9B575796-CD9F-4AF8-95EF-BA1233B730AB}.Debug|Any CPU.ActiveCfg = Debug|Any CPU
		{9B575796-CD9F-4AF8-95EF-BA1233B730AB}.Debug|Any CPU.Build.0 = Debug|Any CPU
		{9B575796-CD9F-4AF8-95EF-BA1233B730AB}.Release|Any CPU.ActiveCfg = Release|Any CPU
		{9B575796-CD9F-4AF8-95EF-BA1233B730AB}.Release|Any CPU.Build.0 = Release|Any CPU
	EndGlobalSection
	GlobalSection(SolutionProperties) = preSolution
		HideSolutionNode = FALSE
	EndGlobalSection
	GlobalSection(ExtensibilityGlobals) = postSolution
		SolutionGuid = {5C6F1C28-CB2B-4556-8441-0901DBBB1C59}
	EndGlobalSection
EndGlobal
